
Microsoft Visual Studio Solution File, Format Version 12.00
Project("{FAE04EC0-301F-11D3-BF4B-00C04F79EFBC}") = "relinker", "relinker\relinker.csproj", "{081495B2-5EEA-433C-A348-57A1C4EBD998}"
EndProject
Project("{FAE04EC0-301F-11D3-BF4B-00C04F79EFBC}") = "Tests", "Tests\Tests.csproj", "{56381697-C94C-4988-AA95-88094D5BCAAF}"
EndProject
Global
	GlobalSection(SolutionConfigurationPlatforms) = preSolution
		Debug|Any CPU = Debug|Any CPU
		Release|Any CPU = Release|Any CPU
	EndGlobalSection
	GlobalSection(ProjectConfigurationPlatforms) = postSolution
		{081495B2-5EEA-433C-A348-57A1C4EBD998}.Debug|Any CPU.ActiveCfg = Debug|Any CPU
		{081495B2-5EEA-433C-A348-57A1C4EBD998}.Debug|Any CPU.Build.0 = Debug|Any CPU
		{081495B2-5EEA-433C-A348-57A1C4EBD998}.Release|Any CPU.ActiveCfg = Release|Any CPU
		{081495B2-5EEA-433C-A348-57A1C4EBD998}.Release|Any CPU.Build.0 = Release|Any CPU
		{56381697-C94C-4988-AA95-88094D5BCAAF}.Debug|Any CPU.ActiveCfg = Debug|Any CPU
		{56381697-C94C-4988-AA95-88094D5BCAAF}.Debug|Any CPU.Build.0 = Debug|Any CPU
		{56381697-C94C-4988-AA95-88094D5BCAAF}.Release|Any CPU.ActiveCfg = Release|Any CPU
		{56381697-C94C-4988-AA95-88094D5BCAAF}.Release|Any CPU.Build.0 = Release|Any CPU
	EndGlobalSection
EndGlobal
